
Microsoft Visual Studio Solution File, Format Version 12.00
# Visual Studio 14
VisualStudioVersion = 14.0.25420.1
MinimumVisualStudioVersion = 10.0.40219.1
Project("{FAE04EC0-301F-11D3-BF4B-00C04F79EFBC}") = "MyWpfApp", "MyWpfApp\MyWpfApp.csproj", "{2B63E01A-2732-49E0-A995-DA5BDB8150C1}"
EndProject
Project("{FAE04EC0-301F-11D3-BF4B-00C04F79EFBC}") = "CurrencyConverter", "..\CurrencyConverter\CurrencyConverter\CurrencyConverter.csproj", "{D6B96046-52CF-4339-BAA1-FB858AD582B3}"
EndProject
Global
	GlobalSection(SolutionConfigurationPlatforms) = preSolution
		Debug|Any CPU = Debug|Any CPU
		Release|Any CPU = Release|Any CPU
	EndGlobalSection
	GlobalSection(ProjectConfigurationPlatforms) = postSolution
		{2B63E01A-2732-49E0-A995-DA5BDB8150C1}.Debug|Any CPU.ActiveCfg = Debug|Any CPU
		{2B63E01A-2732-49E0-A995-DA5BDB8150C1}.Debug|Any CPU.Build.0 = Debug|Any CPU
		{2B63E01A-2732-49E0-A995-DA5BDB8150C1}.Release|Any CPU.ActiveCfg = Release|Any CPU
		{2B63E01A-2732-49E0-A995-DA5BDB8150C1}.Release|Any CPU.Build.0 = Release|Any CPU
		{D6B96046-52CF-4339-BAA1-FB858AD582B3}.Debug|Any CPU.ActiveCfg = Debug|Any CPU
		{D6B96046-52CF-4339-BAA1-FB858AD582B3}.Debug|Any CPU.Build.0 = Debug|Any CPU
		{D6B96046-52CF-4339-BAA1-FB858AD582B3}.Release|Any CPU.ActiveCfg = Release|Any CPU
		{D6B96046-52CF-4339-BAA1-FB858AD582B3}.Release|Any CPU.Build.0 = Release|Any CPU
	EndGlobalSection
	GlobalSection(SolutionProperties) = preSolution
		HideSolutionNode = FALSE
	EndGlobalSection
EndGlobal
